// !$*UTF8*$!
{
	archiveVersion = 1;
	classes = {
	};
	objectVersion = 77;
	objects = {

/* Begin PBXBuildFile section */
		BAFCE0012FA07AA5002683F1 /* WeatherIntents.swift in Sources */ = {isa = PBXBuildFile; fileRef = BAFCD0022FA07AA5002683F1 /* WeatherIntents.swift */; };
		BAFCE0022FA07AA5002683F1 /* WeatherIntentsExtension.swift in Sources */ = {isa = PBXBuildFile; fileRef = BAFCD0032FA07AA5002683F1 /* WeatherIntentsExtension.swift */; };
		BAFCE0032FA07AA5002683F1 /* WeatherEntities.swift in Sources */ = {isa = PBXBuildFile; fileRef = BAFCD0062FA07AA5002683F1 /* WeatherEntities.swift */; };
		BAFCE0042FA07AA5002683F1 /* WeatherWarningSpotlight.swift in Sources */ = {isa = PBXBuildFile; fileRef = BAFCD0072FA07AA5002683F1 /* WeatherWarningSpotlight.swift */; };
		BAFCE0052FA07AA5002683F1 /* WeatherWarningIndexStore.swift in Sources */ = {isa = PBXBuildFile; fileRef = BAFCD0082FA07AA5002683F1 /* WeatherWarningIndexStore.swift */; };
		BAFCE0062FA07AA5002683F1 /* SharedAppStorage.swift in Sources */ = {isa = PBXBuildFile; fileRef = BAFCD0092FA07AA5002683F1 /* SharedAppStorage.swift */; };
		BAFCE0072FA07AA5002683F1 /* WeatherService.swift in Sources */ = {isa = PBXBuildFile; fileRef = BAFCD00A2FA07AA5002683F1 /* WeatherService.swift */; };
		BAFCE0082FA07AA5002683F1 /* LocationManager.swift in Sources */ = {isa = PBXBuildFile; fileRef = BAFCD00B2FA07AA5002683F1 /* LocationManager.swift */; };
		BAFCE0092FA07AA5002683F1 /* WeatherModels.swift in Sources */ = {isa = PBXBuildFile; fileRef = BAFCD00C2FA07AA5002683F1 /* WeatherModels.swift */; };
		BAFCE00A2FA07AA5002683F1 /* BOMModels.swift in Sources */ = {isa = PBXBuildFile; fileRef = BAFCD00D2FA07AA5002683F1 /* BOMModels.swift */; };
		BAFCE00B2FA07AA5002683F1 /* LocationSelectionStore.swift in Sources */ = {isa = PBXBuildFile; fileRef = BAFCD00E2FA07AA5002683F1 /* LocationSelectionStore.swift */; };
		BAFCE00C2FA07AA5002683F1 /* SavedLocation.swift in Sources */ = {isa = PBXBuildFile; fileRef = BAFCD00F2FA07AA5002683F1 /* SavedLocation.swift */; };
		BAFCE00D2FA07AA5002683F1 /* WeatherStation.swift in Sources */ = {isa = PBXBuildFile; fileRef = BAFCD0102FA07AA5002683F1 /* WeatherStation.swift */; };
		BAFCE00E2FA07AA5002683F1 /* WeatherStationStore.swift in Sources */ = {isa = PBXBuildFile; fileRef = BAFCD0112FA07AA5002683F1 /* WeatherStationStore.swift */; };
		BAFCE00F2FA07AA5002683F1 /* stations.json in Resources */ = {isa = PBXBuildFile; fileRef = BAFCD0122FA07AA5002683F1 /* stations.json */; };
		BAFCE0102FA07AA5002683F1 /* papaWeatherIntents.appex in Embed ExtensionKit Extensions */ = {isa = PBXBuildFile; fileRef = BAFCD0012FA07AA5002683F1 /* papaWeatherIntents.appex */; settings = {ATTRIBUTES = (RemoveHeadersOnCopy, ); }; };
/* End PBXBuildFile section */

/* Begin PBXFileReference section */
		BAFCBC1B2FA07AA5002683F1 /* papaWeather.app */ = {isa = PBXFileReference; explicitFileType = wrapper.application; includeInIndex = 0; path = papaWeather.app; sourceTree = BUILT_PRODUCTS_DIR; };
		BAFCD0012FA07AA5002683F1 /* papaWeatherIntents.appex */ = {isa = PBXFileReference; explicitFileType = "wrapper.app-extension"; includeInIndex = 0; path = papaWeatherIntents.appex; sourceTree = BUILT_PRODUCTS_DIR; };
		BAFCD0022FA07AA5002683F1 /* WeatherIntents.swift */ = {isa = PBXFileReference; lastKnownFileType = sourcecode.swift; path = WeatherIntents.swift; sourceTree = "<group>"; };
		BAFCD0032FA07AA5002683F1 /* WeatherIntentsExtension.swift */ = {isa = PBXFileReference; lastKnownFileType = sourcecode.swift; path = WeatherIntentsExtension.swift; sourceTree = "<group>"; };
		BAFCD0042FA07AA5002683F1 /* Info.plist */ = {isa = PBXFileReference; lastKnownFileType = text.plist.xml; path = Info.plist; sourceTree = "<group>"; };
		BAFCD0052FA07AA5002683F1 /* papaWeatherIntents.entitlements */ = {isa = PBXFileReference; lastKnownFileType = text.plist.entitlements; path = papaWeatherIntents.entitlements; sourceTree = "<group>"; };
		BAFCD0062FA07AA5002683F1 /* WeatherEntities.swift */ = {isa = PBXFileReference; lastKnownFileType = sourcecode.swift; path = papaWeather/Services/WeatherEntities.swift; sourceTree = SOURCE_ROOT; };
		BAFCD0072FA07AA5002683F1 /* WeatherWarningSpotlight.swift */ = {isa = PBXFileReference; lastKnownFileType = sourcecode.swift; path = papaWeather/Services/WeatherWarningSpotlight.swift; sourceTree = SOURCE_ROOT; };
		BAFCD0082FA07AA5002683F1 /* WeatherWarningIndexStore.swift */ = {isa = PBXFileReference; lastKnownFileType = sourcecode.swift; path = papaWeather/Services/WeatherWarningIndexStore.swift; sourceTree = SOURCE_ROOT; };
		BAFCD0092FA07AA5002683F1 /* SharedAppStorage.swift */ = {isa = PBXFileReference; lastKnownFileType = sourcecode.swift; path = papaWeather/Services/SharedAppStorage.swift; sourceTree = SOURCE_ROOT; };
		BAFCD00A2FA07AA5002683F1 /* WeatherService.swift */ = {isa = PBXFileReference; lastKnownFileType = sourcecode.swift; path = papaWeather/Services/WeatherService.swift; sourceTree = SOURCE_ROOT; };
		BAFCD00B2FA07AA5002683F1 /* LocationManager.swift */ = {isa = PBXFileReference; lastKnownFileType = sourcecode.swift; path = papaWeather/Services/LocationManager.swift; sourceTree = SOURCE_ROOT; };
		BAFCD00C2FA07AA5002683F1 /* WeatherModels.swift */ = {isa = PBXFileReference; lastKnownFileType = sourcecode.swift; path = papaWeather/Models/WeatherModels.swift; sourceTree = SOURCE_ROOT; };
		BAFCD00D2FA07AA5002683F1 /* BOMModels.swift */ = {isa = PBXFileReference; lastKnownFileType = sourcecode.swift; path = papaWeather/Models/BOMModels.swift; sourceTree = SOURCE_ROOT; };
		BAFCD00E2FA07AA5002683F1 /* LocationSelectionStore.swift */ = {isa = PBXFileReference; lastKnownFileType = sourcecode.swift; path = papaWeather/Stores/LocationSelectionStore.swift; sourceTree = SOURCE_ROOT; };
		BAFCD00F2FA07AA5002683F1 /* SavedLocation.swift */ = {isa = PBXFileReference; lastKnownFileType = sourcecode.swift; path = papaWeather/Stores/SavedLocation.swift; sourceTree = SOURCE_ROOT; };
		BAFCD0102FA07AA5002683F1 /* WeatherStation.swift */ = {isa = PBXFileReference; lastKnownFileType = sourcecode.swift; path = papaWeather/Stores/WeatherStation.swift; sourceTree = SOURCE_ROOT; };
		BAFCD0112FA07AA5002683F1 /* WeatherStationStore.swift */ = {isa = PBXFileReference; lastKnownFileType = sourcecode.swift; path = papaWeather/Stores/WeatherStationStore.swift; sourceTree = SOURCE_ROOT; };
		BAFCD0122FA07AA5002683F1 /* stations.json */ = {isa = PBXFileReference; lastKnownFileType = text.json; path = papaWeather/stations.json; sourceTree = SOURCE_ROOT; };
/* End PBXFileReference section */

/* Begin PBXFileSystemSynchronizedBuildFileExceptionSet section */
		BAFCBCF72FA86079002683F1 /* Exceptions for "papaWeather" folder in "papaWeather" target */ = {
			isa = PBXFileSystemSynchronizedBuildFileExceptionSet;
			membershipExceptions = (
				Info.plist,
			);
			target = BAFCBC1A2FA07AA5002683F1 /* papaWeather */;
		};
/* End PBXFileSystemSynchronizedBuildFileExceptionSet section */

/* Begin PBXFileSystemSynchronizedRootGroup section */
		BAFCBC1D2FA07AA5002683F1 /* papaWeather */ = {
			isa = PBXFileSystemSynchronizedRootGroup;
			exceptions = (
				BAFCBCF72FA86079002683F1 /* Exceptions for "papaWeather" folder in "papaWeather" target */,
			);
			path = papaWeather;
			sourceTree = "<group>";
		};
/* End PBXFileSystemSynchronizedRootGroup section */

/* Begin PBXFrameworksBuildPhase section */
		BAFCBC182FA07AA5002683F1 /* Frameworks */ = {
			isa = PBXFrameworksBuildPhase;
			buildActionMask = 2147483647;
			files = (
			);
			runOnlyForDeploymentPostprocessing = 0;
		};
		BAFCD1022FA07AA5002683F1 /* Frameworks */ = {
			isa = PBXFrameworksBuildPhase;
			buildActionMask = 2147483647;
			files = (
			);
			runOnlyForDeploymentPostprocessing = 0;
		};
/* End PBXFrameworksBuildPhase section */

/* Begin PBXGroup section */
		BAFCBC122FA07AA5002683F1 = {
			isa = PBXGroup;
			children = (
				BAFCBC1D2FA07AA5002683F1 /* papaWeather */,
				BAFCD2012FA07AA5002683F1 /* papaWeatherIntents */,
				BAFCBC1C2FA07AA5002683F1 /* Products */,
			);
			sourceTree = "<group>";
		};
		BAFCD2012FA07AA5002683F1 /* papaWeatherIntents */ = {
			isa = PBXGroup;
			children = (
				BAFCD0022FA07AA5002683F1 /* WeatherIntents.swift */,
				BAFCD0032FA07AA5002683F1 /* WeatherIntentsExtension.swift */,
				BAFCD0042FA07AA5002683F1 /* Info.plist */,
				BAFCD0052FA07AA5002683F1 /* papaWeatherIntents.entitlements */,
				BAFCD0062FA07AA5002683F1 /* WeatherEntities.swift */,
				BAFCD0072FA07AA5002683F1 /* WeatherWarningSpotlight.swift */,
				BAFCD0082FA07AA5002683F1 /* WeatherWarningIndexStore.swift */,
				BAFCD0092FA07AA5002683F1 /* SharedAppStorage.swift */,
				BAFCD00A2FA07AA5002683F1 /* WeatherService.swift */,
				BAFCD00B2FA07AA5002683F1 /* LocationManager.swift */,
				BAFCD00C2FA07AA5002683F1 /* WeatherModels.swift */,
				BAFCD00D2FA07AA5002683F1 /* BOMModels.swift */,
				BAFCD00E2FA07AA5002683F1 /* LocationSelectionStore.swift */,
				BAFCD00F2FA07AA5002683F1 /* SavedLocation.swift */,
				BAFCD0102FA07AA5002683F1 /* WeatherStation.swift */,
				BAFCD0112FA07AA5002683F1 /* WeatherStationStore.swift */,
				BAFCD0122FA07AA5002683F1 /* stations.json */,
			);
			path = ../papaWeatherIntents;
			sourceTree = "<group>";
		};
		BAFCBC1C2FA07AA5002683F1 /* Products */ = {
			isa = PBXGroup;
			children = (
				BAFCBC1B2FA07AA5002683F1 /* papaWeather.app */,
				BAFCD0012FA07AA5002683F1 /* papaWeatherIntents.appex */,
			);
			name = Products;
			sourceTree = "<group>";
		};
/* End PBXGroup section */

/* Begin PBXNativeTarget section */
		BAFCBC1A2FA07AA5002683F1 /* papaWeather */ = {
			isa = PBXNativeTarget;
			buildConfigurationList = BAFCBC262FA07AA7002683F1 /* Build configuration list for PBXNativeTarget "papaWeather" */;
			buildPhases = (
				BAFCBC172FA07AA5002683F1 /* Sources */,
				BAFCBC182FA07AA5002683F1 /* Frameworks */,
				BAFCBC192FA07AA5002683F1 /* Resources */,
				BAFCD1042FA07AA5002683F1 /* Embed ExtensionKit Extensions */,
			);
			buildRules = (
			);
			dependencies = (
				BAFCD1062FA07AA5002683F1 /* PBXTargetDependency */,
			);
			fileSystemSynchronizedGroups = (
				BAFCBC1D2FA07AA5002683F1 /* papaWeather */,
			);
			name = papaWeather;
			packageProductDependencies = (
			);
			productName = papaWeather;
			productReference = BAFCBC1B2FA07AA5002683F1 /* papaWeather.app */;
			productType = "com.apple.product-type.application";
		};
		BAFCD3012FA07AA5002683F1 /* papaWeatherIntents */ = {
			isa = PBXNativeTarget;
			buildConfigurationList = BAFCD1082FA07AA5002683F1 /* Build configuration list for PBXNativeTarget "papaWeatherIntents" */;
			buildPhases = (
				BAFCD1012FA07AA5002683F1 /* Sources */,
				BAFCD1022FA07AA5002683F1 /* Frameworks */,
				BAFCD1032FA07AA5002683F1 /* Resources */,
			);
			buildRules = (
			);
			dependencies = (
			);
			name = papaWeatherIntents;
			packageProductDependencies = (
			);
			productName = papaWeatherIntents;
			productReference = BAFCD0012FA07AA5002683F1 /* papaWeatherIntents.appex */;
			productType = "com.apple.product-type.extensionkit-extension";
		};
/* End PBXNativeTarget section */

/* Begin PBXProject section */
		BAFCBC132FA07AA5002683F1 /* Project object */ = {
			isa = PBXProject;
			attributes = {
				BuildIndependentTargetsInParallel = 1;
				LastSwiftUpdateCheck = 2640;
				LastUpgradeCheck = 2640;
				TargetAttributes = {
					BAFCBC1A2FA07AA5002683F1 = {
						CreatedOnToolsVersion = 26.4.1;
					};
					BAFCD3012FA07AA5002683F1 = {
						CreatedOnToolsVersion = 27.0;
					};
				};
			};
			buildConfigurationList = BAFCBC162FA07AA5002683F1 /* Build configuration list for PBXProject "papaWeather" */;
			developmentRegion = en;
			hasScannedForEncodings = 0;
			knownRegions = (
				en,
				Base,
			);
			mainGroup = BAFCBC122FA07AA5002683F1;
			minimizedProjectReferenceProxies = 1;
			preferredProjectObjectVersion = 77;
			productRefGroup = BAFCBC1C2FA07AA5002683F1 /* Products */;
			projectDirPath = "";
			projectRoot = "";
			targets = (
				BAFCBC1A2FA07AA5002683F1 /* papaWeather */,
				BAFCD3012FA07AA5002683F1 /* papaWeatherIntents */,
			);
		};
/* End PBXProject section */

/* Begin PBXContainerItemProxy section */
		BAFCD1052FA07AA5002683F1 /* PBXContainerItemProxy */ = {
			isa = PBXContainerItemProxy;
			containerPortal = BAFCBC132FA07AA5002683F1 /* Project object */;
			proxyType = 1;
			remoteGlobalIDString = BAFCD3012FA07AA5002683F1;
			remoteInfo = papaWeatherIntents;
		};
/* End PBXContainerItemProxy section */

/* Begin PBXTargetDependency section */
		BAFCD1062FA07AA5002683F1 /* PBXTargetDependency */ = {
			isa = PBXTargetDependency;
			target = BAFCD3012FA07AA5002683F1 /* papaWeatherIntents */;
			targetProxy = BAFCD1052FA07AA5002683F1 /* PBXContainerItemProxy */;
		};
/* End PBXTargetDependency section */

/* Begin PBXCopyFilesBuildPhase section */
		BAFCD1042FA07AA5002683F1 /* Embed ExtensionKit Extensions */ = {
			isa = PBXCopyFilesBuildPhase;
			buildActionMask = 2147483647;
			dstPath = "$(EXTENSIONS_FOLDER_PATH)";
			dstSubfolderSpec = 16;
			files = (
				BAFCE0102FA07AA5002683F1 /* papaWeatherIntents.appex in Embed ExtensionKit Extensions */,
			);
			name = "Embed ExtensionKit Extensions";
			runOnlyForDeploymentPostprocessing = 0;
		};
/* End PBXCopyFilesBuildPhase section */

/* Begin PBXResourcesBuildPhase section */
		BAFCBC192FA07AA5002683F1 /* Resources */ = {
			isa = PBXResourcesBuildPhase;
			buildActionMask = 2147483647;
			files = (
			);
			runOnlyForDeploymentPostprocessing = 0;
		};
		BAFCD1032FA07AA5002683F1 /* Resources */ = {
			isa = PBXResourcesBuildPhase;
			buildActionMask = 2147483647;
			files = (
				BAFCE00F2FA07AA5002683F1 /* stations.json in Resources */,
			);
			runOnlyForDeploymentPostprocessing = 0;
		};
/* End PBXResourcesBuildPhase section */

/* Begin PBXSourcesBuildPhase section */
		BAFCBC172FA07AA5002683F1 /* Sources */ = {
			isa = PBXSourcesBuildPhase;
			buildActionMask = 2147483647;
			files = (
			);
			runOnlyForDeploymentPostprocessing = 0;
		};
		BAFCD1012FA07AA5002683F1 /* Sources */ = {
			isa = PBXSourcesBuildPhase;
			buildActionMask = 2147483647;
			files = (
				BAFCE0012FA07AA5002683F1 /* WeatherIntents.swift in Sources */,
				BAFCE0022FA07AA5002683F1 /* WeatherIntentsExtension.swift in Sources */,
				BAFCE0032FA07AA5002683F1 /* WeatherEntities.swift in Sources */,
				BAFCE0042FA07AA5002683F1 /* WeatherWarningSpotlight.swift in Sources */,
				BAFCE0052FA07AA5002683F1 /* WeatherWarningIndexStore.swift in Sources */,
				BAFCE0062FA07AA5002683F1 /* SharedAppStorage.swift in Sources */,
				BAFCE0072FA07AA5002683F1 /* WeatherService.swift in Sources */,
				BAFCE0082FA07AA5002683F1 /* LocationManager.swift in Sources */,
				BAFCE0092FA07AA5002683F1 /* WeatherModels.swift in Sources */,
				BAFCE00A2FA07AA5002683F1 /* BOMModels.swift in Sources */,
				BAFCE00B2FA07AA5002683F1 /* LocationSelectionStore.swift in Sources */,
				BAFCE00C2FA07AA5002683F1 /* SavedLocation.swift in Sources */,
				BAFCE00D2FA07AA5002683F1 /* WeatherStation.swift in Sources */,
				BAFCE00E2FA07AA5002683F1 /* WeatherStationStore.swift in Sources */,
			);
			runOnlyForDeploymentPostprocessing = 0;
		};
/* End PBXSourcesBuildPhase section */

/* Begin XCBuildConfiguration section */
		BAFCBC242FA07AA7002683F1 /* Debug */ = {
			isa = XCBuildConfiguration;
			buildSettings = {
				ALWAYS_SEARCH_USER_PATHS = NO;
				ASSETCATALOG_COMPILER_GENERATE_SWIFT_ASSET_SYMBOL_EXTENSIONS = YES;
				CLANG_ANALYZER_NONNULL = YES;
				CLANG_ANALYZER_NUMBER_OBJECT_CONVERSION = YES_AGGRESSIVE;
				CLANG_CXX_LANGUAGE_STANDARD = "gnu++20";
				CLANG_ENABLE_MODULES = YES;
				CLANG_ENABLE_OBJC_ARC = YES;
				CLANG_ENABLE_OBJC_WEAK = YES;
				CLANG_WARN_BLOCK_CAPTURE_AUTORELEASING = YES;
				CLANG_WARN_BOOL_CONVERSION = YES;
				CLANG_WARN_COMMA = YES;
				CLANG_WARN_CONSTANT_CONVERSION = YES;
				CLANG_WARN_DEPRECATED_OBJC_IMPLEMENTATIONS = YES;
				CLANG_WARN_DIRECT_OBJC_ISA_USAGE = YES_ERROR;
				CLANG_WARN_DOCUMENTATION_COMMENTS = YES;
				CLANG_WARN_EMPTY_BODY = YES;
				CLANG_WARN_ENUM_CONVERSION = YES;
				CLANG_WARN_INFINITE_RECURSION = YES;
				CLANG_WARN_INT_CONVERSION = YES;
				CLANG_WARN_NON_LITERAL_NULL_CONVERSION = YES;
				CLANG_WARN_OBJC_IMPLICIT_RETAIN_SELF = YES;
				CLANG_WARN_OBJC_LITERAL_CONVERSION = YES;
				CLANG_WARN_OBJC_ROOT_CLASS = YES_ERROR;
				CLANG_WARN_QUOTED_INCLUDE_IN_FRAMEWORK_HEADER = YES;
				CLANG_WARN_RANGE_LOOP_ANALYSIS = YES;
				CLANG_WARN_STRICT_PROTOTYPES = YES;
				CLANG_WARN_SUSPICIOUS_MOVE = YES;
				CLANG_WARN_UNGUARDED_AVAILABILITY = YES_AGGRESSIVE;
				CLANG_WARN_UNREACHABLE_CODE = YES;
				CLANG_WARN__DUPLICATE_METHOD_MATCH = YES;
				COPY_PHASE_STRIP = NO;
				DEBUG_INFORMATION_FORMAT = dwarf;
				DEVELOPMENT_TEAM = D58U53H2X6;
				ENABLE_STRICT_OBJC_MSGSEND = YES;
				ENABLE_TESTABILITY = YES;
				ENABLE_USER_SCRIPT_SANDBOXING = YES;
				GCC_C_LANGUAGE_STANDARD = gnu17;
				GCC_DYNAMIC_NO_PIC = NO;
				GCC_NO_COMMON_BLOCKS = YES;
				GCC_OPTIMIZATION_LEVEL = 0;
				GCC_PREPROCESSOR_DEFINITIONS = (
					"DEBUG=1",
					"$(inherited)",
				);
				GCC_WARN_64_TO_32_BIT_CONVERSION = YES;
				GCC_WARN_ABOUT_RETURN_TYPE = YES_ERROR;
				GCC_WARN_UNDECLARED_SELECTOR = YES;
				GCC_WARN_UNINITIALIZED_AUTOS = YES_AGGRESSIVE;
				GCC_WARN_UNUSED_FUNCTION = YES;
				GCC_WARN_UNUSED_VARIABLE = YES;
				IPHONEOS_DEPLOYMENT_TARGET = 27.0;
				LOCALIZATION_PREFERS_STRING_CATALOGS = YES;
				MTL_ENABLE_DEBUG_INFO = INCLUDE_SOURCE;
				MTL_FAST_MATH = YES;
				ONLY_ACTIVE_ARCH = YES;
				SDKROOT = iphoneos;
				SWIFT_ACTIVE_COMPILATION_CONDITIONS = "DEBUG $(inherited)";
				SWIFT_OPTIMIZATION_LEVEL = "-Onone";
			};
			name = Debug;
		};
		BAFCBC252FA07AA7002683F1 /* Release */ = {
			isa = XCBuildConfiguration;
			buildSettings = {
				ALWAYS_SEARCH_USER_PATHS = NO;
				ASSETCATALOG_COMPILER_GENERATE_SWIFT_ASSET_SYMBOL_EXTENSIONS = YES;
				CLANG_ANALYZER_NONNULL = YES;
				CLANG_ANALYZER_NUMBER_OBJECT_CONVERSION = YES_AGGRESSIVE;
				CLANG_CXX_LANGUAGE_STANDARD = "gnu++20";
				CLANG_ENABLE_MODULES = YES;
				CLANG_ENABLE_OBJC_ARC = YES;
				CLANG_ENABLE_OBJC_WEAK = YES;
				CLANG_WARN_BLOCK_CAPTURE_AUTORELEASING = YES;
				CLANG_WARN_BOOL_CONVERSION = YES;
				CLANG_WARN_COMMA = YES;
				CLANG_WARN_CONSTANT_CONVERSION = YES;
				CLANG_WARN_DEPRECATED_OBJC_IMPLEMENTATIONS = YES;
				CLANG_WARN_DIRECT_OBJC_ISA_USAGE = YES_ERROR;
				CLANG_WARN_DOCUMENTATION_COMMENTS = YES;
				CLANG_WARN_EMPTY_BODY = YES;
				CLANG_WARN_ENUM_CONVERSION = YES;
				CLANG_WARN_INFINITE_RECURSION = YES;
				CLANG_WARN_INT_CONVERSION = YES;
				CLANG_WARN_NON_LITERAL_NULL_CONVERSION = YES;
				CLANG_WARN_OBJC_IMPLICIT_RETAIN_SELF = YES;
				CLANG_WARN_OBJC_LITERAL_CONVERSION = YES;
				CLANG_WARN_OBJC_ROOT_CLASS = YES_ERROR;
				CLANG_WARN_QUOTED_INCLUDE_IN_FRAMEWORK_HEADER = YES;
				CLANG_WARN_RANGE_LOOP_ANALYSIS = YES;
				CLANG_WARN_STRICT_PROTOTYPES = YES;
				CLANG_WARN_SUSPICIOUS_MOVE = YES;
				CLANG_WARN_UNGUARDED_AVAILABILITY = YES_AGGRESSIVE;
				CLANG_WARN_UNREACHABLE_CODE = YES;
				CLANG_WARN__DUPLICATE_METHOD_MATCH = YES;
				COPY_PHASE_STRIP = NO;
				DEBUG_INFORMATION_FORMAT = "dwarf-with-dsym";
				DEVELOPMENT_TEAM = D58U53H2X6;
				ENABLE_NS_ASSERTIONS = NO;
				ENABLE_STRICT_OBJC_MSGSEND = YES;
				ENABLE_USER_SCRIPT_SANDBOXING = YES;
				GCC_C_LANGUAGE_STANDARD = gnu17;
				GCC_NO_COMMON_BLOCKS = YES;
				GCC_WARN_64_TO_32_BIT_CONVERSION = YES;
				GCC_WARN_ABOUT_RETURN_TYPE = YES_ERROR;
				GCC_WARN_UNDECLARED_SELECTOR = YES;
				GCC_WARN_UNINITIALIZED_AUTOS = YES_AGGRESSIVE;
				GCC_WARN_UNUSED_FUNCTION = YES;
				GCC_WARN_UNUSED_VARIABLE = YES;
				IPHONEOS_DEPLOYMENT_TARGET = 27.0;
				LOCALIZATION_PREFERS_STRING_CATALOGS = YES;
				MTL_ENABLE_DEBUG_INFO = NO;
				MTL_FAST_MATH = YES;
				SDKROOT = iphoneos;
				SWIFT_COMPILATION_MODE = wholemodule;
				VALIDATE_PRODUCT = YES;
			};
			name = Release;
		};
		BAFCBC272FA07AA7002683F1 /* Debug */ = {
			isa = XCBuildConfiguration;
			baseConfigurationReferenceAnchor = BAFCBC1D2FA07AA5002683F1 /* papaWeather */;
			baseConfigurationReferenceRelativePath = Config/RainbowConfig.xcconfig;
			buildSettings = {
				ASSETCATALOG_COMPILER_APPICON_NAME = AppIcon;
				ASSETCATALOG_COMPILER_GLOBAL_ACCENT_COLOR_NAME = AccentColor;
				CODE_SIGN_ENTITLEMENTS = papaWeather/papaWeather.entitlements;
				CODE_SIGN_STYLE = Automatic;
				CURRENT_PROJECT_VERSION = 14;
				DEVELOPMENT_TEAM = D58U53H2X6;
				ENABLE_PREVIEWS = YES;
				GENERATE_INFOPLIST_FILE = YES;
				INFOPLIST_FILE = papaWeather/Info.plist;
				INFOPLIST_KEY_ITSAppUsesNonExemptEncryption = NO;
				INFOPLIST_KEY_LSApplicationCategoryType = "public.app-category.weather";
				INFOPLIST_KEY_NSLocationWhenInUseUsageDescription = "papaWeather uses your location to find the nearest BOM weather station and local sunrise and sunset times.";
				INFOPLIST_KEY_UIApplicationSupportsIndirectInputEvents = YES;
				INFOPLIST_KEY_UILaunchScreen_Generation = YES;
				INFOPLIST_KEY_UISupportedInterfaceOrientations_iPad = "UIInterfaceOrientationPortrait UIInterfaceOrientationPortraitUpsideDown UIInterfaceOrientationLandscapeLeft UIInterfaceOrientationLandscapeRight";
				INFOPLIST_KEY_UISupportedInterfaceOrientations_iPhone = "UIInterfaceOrientationPortrait UIInterfaceOrientationLandscapeLeft UIInterfaceOrientationLandscapeRight";
				LD_RUNPATH_SEARCH_PATHS = (
					"$(inherited)",
					"@executable_path/Frameworks",
				);
				MARKETING_VERSION = 1.94;
				PRODUCT_BUNDLE_IDENTIFIER = org.nando.papaWeather;
				PRODUCT_NAME = "$(TARGET_NAME)";
				STRING_CATALOG_GENERATE_SYMBOLS = YES;
				SWIFT_APPROACHABLE_CONCURRENCY = YES;
				SWIFT_DEFAULT_ACTOR_ISOLATION = MainActor;
				SWIFT_EMIT_LOC_STRINGS = YES;
				SWIFT_UPCOMING_FEATURE_MEMBER_IMPORT_VISIBILITY = YES;
				SWIFT_VERSION = 5.0;
				TARGETED_DEVICE_FAMILY = "1,2";
			};
			name = Debug;
		};
		BAFCBC282FA07AA7002683F1 /* Release */ = {
			isa = XCBuildConfiguration;
			baseConfigurationReferenceAnchor = BAFCBC1D2FA07AA5002683F1 /* papaWeather */;
			baseConfigurationReferenceRelativePath = Config/RainbowConfig.xcconfig;
			buildSettings = {
				ASSETCATALOG_COMPILER_APPICON_NAME = AppIcon;
				ASSETCATALOG_COMPILER_GLOBAL_ACCENT_COLOR_NAME = AccentColor;
				CODE_SIGN_ENTITLEMENTS = papaWeather/papaWeather.entitlements;
				CODE_SIGN_STYLE = Automatic;
				CURRENT_PROJECT_VERSION = 14;
				DEVELOPMENT_TEAM = D58U53H2X6;
				ENABLE_PREVIEWS = YES;
				GENERATE_INFOPLIST_FILE = YES;
				INFOPLIST_FILE = papaWeather/Info.plist;
				INFOPLIST_KEY_ITSAppUsesNonExemptEncryption = NO;
				INFOPLIST_KEY_LSApplicationCategoryType = "public.app-category.weather";
				INFOPLIST_KEY_NSLocationWhenInUseUsageDescription = "papaWeather uses your location to find the nearest BOM weather station and local sunrise and sunset times.";
				INFOPLIST_KEY_UIApplicationSupportsIndirectInputEvents = YES;
				INFOPLIST_KEY_UILaunchScreen_Generation = YES;
				INFOPLIST_KEY_UISupportedInterfaceOrientations_iPad = "UIInterfaceOrientationPortrait UIInterfaceOrientationPortraitUpsideDown UIInterfaceOrientationLandscapeLeft UIInterfaceOrientationLandscapeRight";
				INFOPLIST_KEY_UISupportedInterfaceOrientations_iPhone = "UIInterfaceOrientationPortrait UIInterfaceOrientationLandscapeLeft UIInterfaceOrientationLandscapeRight";
				LD_RUNPATH_SEARCH_PATHS = (
					"$(inherited)",
					"@executable_path/Frameworks",
				);
				MARKETING_VERSION = 1.94;
				PRODUCT_BUNDLE_IDENTIFIER = org.nando.papaWeather;
				PRODUCT_NAME = "$(TARGET_NAME)";
				STRING_CATALOG_GENERATE_SYMBOLS = YES;
				SWIFT_APPROACHABLE_CONCURRENCY = YES;
				SWIFT_DEFAULT_ACTOR_ISOLATION = MainActor;
				SWIFT_EMIT_LOC_STRINGS = YES;
				SWIFT_UPCOMING_FEATURE_MEMBER_IMPORT_VISIBILITY = YES;
				SWIFT_VERSION = 5.0;
				TARGETED_DEVICE_FAMILY = "1,2";
			};
			name = Release;
		};
		BAFCD1092FA07AA5002683F1 /* Debug */ = {
			isa = XCBuildConfiguration;
			buildSettings = {
				ALWAYS_EMBED_SWIFT_STANDARD_LIBRARIES = YES;
				APPLICATION_EXTENSION_API_ONLY = YES;
				CODE_SIGN_ENTITLEMENTS = ../papaWeatherIntents/papaWeatherIntents.entitlements;
				CODE_SIGN_STYLE = Automatic;
				CURRENT_PROJECT_VERSION = 14;
				DEVELOPMENT_TEAM = D58U53H2X6;
				ENABLE_PREVIEWS = NO;
				GENERATE_INFOPLIST_FILE = YES;
				INFOPLIST_FILE = ../papaWeatherIntents/Info.plist;
				IPHONEOS_DEPLOYMENT_TARGET = 27.0;
				LD_RUNPATH_SEARCH_PATHS = (
					"$(inherited)",
					"@executable_path/Frameworks",
				);
				MARKETING_VERSION = 1.94;
				PRODUCT_BUNDLE_IDENTIFIER = org.nando.papaWeather.intents;
				PRODUCT_NAME = "$(TARGET_NAME)";
				SKIP_INSTALL = YES;
				SWIFT_APPROACHABLE_CONCURRENCY = YES;
				SWIFT_DEFAULT_ACTOR_ISOLATION = MainActor;
				SWIFT_EMIT_LOC_STRINGS = YES;
				SWIFT_UPCOMING_FEATURE_MEMBER_IMPORT_VISIBILITY = YES;
				SWIFT_VERSION = 5.0;
				TARGETED_DEVICE_FAMILY = "1,2";
			};
			name = Debug;
		};
		BAFCD10A2FA07AA5002683F1 /* Release */ = {
			isa = XCBuildConfiguration;
			buildSettings = {
				ALWAYS_EMBED_SWIFT_STANDARD_LIBRARIES = YES;
				APPLICATION_EXTENSION_API_ONLY = YES;
				CODE_SIGN_ENTITLEMENTS = ../papaWeatherIntents/papaWeatherIntents.entitlements;
				CODE_SIGN_STYLE = Automatic;
				CURRENT_PROJECT_VERSION = 14;
				DEVELOPMENT_TEAM = D58U53H2X6;
				ENABLE_PREVIEWS = NO;
				GENERATE_INFOPLIST_FILE = YES;
				INFOPLIST_FILE = ../papaWeatherIntents/Info.plist;
				IPHONEOS_DEPLOYMENT_TARGET = 27.0;
				LD_RUNPATH_SEARCH_PATHS = (
					"$(inherited)",
					"@executable_path/Frameworks",
				);
				MARKETING_VERSION = 1.94;
				PRODUCT_BUNDLE_IDENTIFIER = org.nando.papaWeather.intents;
				PRODUCT_NAME = "$(TARGET_NAME)";
				SKIP_INSTALL = YES;
				SWIFT_APPROACHABLE_CONCURRENCY = YES;
				SWIFT_DEFAULT_ACTOR_ISOLATION = MainActor;
				SWIFT_EMIT_LOC_STRINGS = YES;
				SWIFT_UPCOMING_FEATURE_MEMBER_IMPORT_VISIBILITY = YES;
				SWIFT_VERSION = 5.0;
				TARGETED_DEVICE_FAMILY = "1,2";
			};
			name = Release;
		};
/* End XCBuildConfiguration section */

/* Begin XCConfigurationList section */
		BAFCBC162FA07AA5002683F1 /* Build configuration list for PBXProject "papaWeather" */ = {
			isa = XCConfigurationList;
			buildConfigurations = (
				BAFCBC242FA07AA7002683F1 /* Debug */,
				BAFCBC252FA07AA7002683F1 /* Release */,
			);
			defaultConfigurationIsVisible = 0;
			defaultConfigurationName = Release;
		};
		BAFCBC262FA07AA7002683F1 /* Build configuration list for PBXNativeTarget "papaWeather" */ = {
			isa = XCConfigurationList;
			buildConfigurations = (
				BAFCBC272FA07AA7002683F1 /* Debug */,
				BAFCBC282FA07AA7002683F1 /* Release */,
			);
			defaultConfigurationIsVisible = 0;
			defaultConfigurationName = Release;
		};
		BAFCD1082FA07AA5002683F1 /* Build configuration list for PBXNativeTarget "papaWeatherIntents" */ = {
			isa = XCConfigurationList;
			buildConfigurations = (
				BAFCD1092FA07AA5002683F1 /* Debug */,
				BAFCD10A2FA07AA5002683F1 /* Release */,
			);
			defaultConfigurationIsVisible = 0;
			defaultConfigurationName = Release;
		};
/* End XCConfigurationList section */
	};
	rootObject = BAFCBC132FA07AA5002683F1 /* Project object */;
}
